
Microsoft Visual Studio Solution File, Format Version 12.00
# Visual Studio Version 16
VisualStudioVersion = 16.0.29806.167
MinimumVisualStudioVersion = 10.0.40219.1
Project("{FAE04EC0-301F-11D3-BF4B-00C04F79EFBC}") = "SortingWebApi", "SortingWebApi\SortingWebApi.csproj", "{275FE734-456C-47AE-AA4B-6B1EBEB0EE73}"
EndProject
Project("{FAE04EC0-301F-11D3-BF4B-00C04F79EFBC}") = "SortingWebApi.BusinessLayer", "SortingWebApi.BusinessLayer\SortingWebApi.BusinessLayer.csproj", "{475527E7-62F0-4924-B585-9E3F92171C37}"
EndProject
Global
	GlobalSection(SolutionConfigurationPlatforms) = preSolution
		Debug|Any CPU = Debug|Any CPU
		Release|Any CPU = Release|Any CPU
	EndGlobalSection
	GlobalSection(ProjectConfigurationPlatforms) = postSolution
		{275FE734-456C-47AE-AA4B-6B1EBEB0EE73}.Debug|Any CPU.ActiveCfg = Debug|Any CPU
		{275FE734-456C-47AE-AA4B-6B1EBEB0EE73}.Debug|Any CPU.Build.0 = Debug|Any CPU
		{275FE734-456C-47AE-AA4B-6B1EBEB0EE73}.Release|Any CPU.ActiveCfg = Release|Any CPU
		{275FE734-456C-47AE-AA4B-6B1EBEB0EE73}.Release|Any CPU.Build.0 = Release|Any CPU
		{475527E7-62F0-4924-B585-9E3F92171C37}.Debug|Any CPU.ActiveCfg = Debug|Any CPU
		{475527E7-62F0-4924-B585-9E3F92171C37}.Debug|Any CPU.Build.0 = Debug|Any CPU
		{475527E7-62F0-4924-B585-9E3F92171C37}.Release|Any CPU.ActiveCfg = Release|Any CPU
		{475527E7-62F0-4924-B585-9E3F92171C37}.Release|Any CPU.Build.0 = Release|Any CPU
	EndGlobalSection
	GlobalSection(SolutionProperties) = preSolution
		HideSolutionNode = FALSE
	EndGlobalSection
	GlobalSection(ExtensibilityGlobals) = postSolution
		SolutionGuid = {30A7103F-10D1-4DFE-9ACC-5E830A635905}
	EndGlobalSection
EndGlobal
